
Microsoft Visual Studio Solution File, Format Version 12.00
# Visual Studio Version 16
VisualStudioVersion = 16.0.31911.196
MinimumVisualStudioVersion = 10.0.40219.1
Project("{9A19103F-16F7-4668-BE54-9A1E7A4F7556}") = "TRLang", "TRLang\TRLang.csproj", "{8359C835-0315-4658-AD83-E595BA979221}"
EndProject
Project("{FAE04EC0-301F-11D3-BF4B-00C04F79EFBC}") = "Tests", "Tests\Tests.csproj", "{03B5470A-07DC-45EB-AA90-7AE18A1E824B}"
EndProject
Global
	GlobalSection(SolutionConfigurationPlatforms) = preSolution
		Debug|Any CPU = Debug|Any CPU
		Release|Any CPU = Release|Any CPU
	EndGlobalSection
	GlobalSection(ProjectConfigurationPlatforms) = postSolution
		{8359C835-0315-4658-AD83-E595BA979221}.Debug|Any CPU.ActiveCfg = Debug|Any CPU
		{8359C835-0315-4658-AD83-E595BA979221}.Debug|Any CPU.Build.0 = Debug|Any CPU
		{8359C835-0315-4658-AD83-E595BA979221}.Release|Any CPU.ActiveCfg = Release|Any CPU
		{8359C835-0315-4658-AD83-E595BA979221}.Release|Any CPU.Build.0 = Release|Any CPU
		{03B5470A-07DC-45EB-AA90-7AE18A1E824B}.Debug|Any CPU.ActiveCfg = Debug|Any CPU
		{03B5470A-07DC-45EB-AA90-7AE18A1E824B}.Debug|Any CPU.Build.0 = Debug|Any CPU
		{03B5470A-07DC-45EB-AA90-7AE18A1E824B}.Release|Any CPU.ActiveCfg = Release|Any CPU
		{03B5470A-07DC-45EB-AA90-7AE18A1E824B}.Release|Any CPU.Build.0 = Release|Any CPU
	EndGlobalSection
	GlobalSection(SolutionProperties) = preSolution
		HideSolutionNode = FALSE
	EndGlobalSection
	GlobalSection(ExtensibilityGlobals) = postSolution
		SolutionGuid = {99707468-A971-44B0-9266-FA713AD3CFEA}
	EndGlobalSection
EndGlobal
